
Microsoft Visual Studio Solution File, Format Version 12.00
# RemObjects Water
Project("{656346d9-4656-40da-a068-22d5425d4639}") = "Island.Tests.Shared", "Island.Tests.Shared.elements", "{8bc0e3a8-c6b3-4fcc-ac6b-d80ee04f2628}"
EndProject
Global
	GlobalSection(SolutionConfigurationPlatforms) = preSolution
	EndGlobalSection
	GlobalSection(ProjectConfigurationPlatforms) = postSolution
	EndGlobalSection
	GlobalSection(SolutionProperties) = preSolution
		HideSolutionNode = FALSE
	EndGlobalSection
EndGlobal