
Microsoft Visual Studio Solution File, Format Version 12.00
# RemObjects Fire
Project("{656346D9-4656-40DA-A068-22D5425D4639}") = "Island (Android NDK)", "Island.Android.elements", "{961EDD39-0901-480D-97A6-C775095D5EBC}"
EndProject
Project("{656346D9-4656-40DA-A068-22D5425D4639}") = "Island (Linux)", "Island.Linux.elements", "{A2C670B6-DB38-401A-AE00-71515C87CCC5}"
EndProject
Project("{656346D9-4656-40DA-A068-22D5425D4639}") = "Island (Windows)", "Island.Windows.elements", "{00BBBADD-8D31-439B-9495-1F35080E299E}"
EndProject
Project("{656346D9-4656-40DA-A068-22D5425D4639}") = "Island.Shared", "Island.Shared.elements", "{8BE19C06-DD7E-41F7-954B-6D269C087E4C}"
EndProject
Global
	GlobalSection(SolutionConfigurationPlatforms) = preSolution
		Debug|AnyCPU = Debug|AnyCPU
		Release|AnyCPU = Release|AnyCPU
		Release-x86_64|AnyCPU = Release-x86_64|AnyCPU
		Debug-i386|AnyCPU = Debug-i386|AnyCPU
		Debug-x86_64|AnyCPU = Debug-x86_64|AnyCPU
		Release-i386|AnyCPU = Release-i386|AnyCPU
		Release-armv6|AnyCPU = Release-armv6|AnyCPU
		Debug-armv6|AnyCPU = Debug-armv6|AnyCPU
	EndGlobalSection
	GlobalSection(ProjectConfigurationPlatforms) = postSolution
		{961EDD39-0901-480D-97A6-C775095D5EBC}.Debug|AnyCPU.ActiveCfg = Debug|AnyCPU
		{961EDD39-0901-480D-97A6-C775095D5EBC}.Debug|AnyCPU.Build.0 = Debug|AnyCPU
		{961EDD39-0901-480D-97A6-C775095D5EBC}.Release|AnyCPU.ActiveCfg = Release|AnyCPU
		{961EDD39-0901-480D-97A6-C775095D5EBC}.Release|AnyCPU.Build.0 = Release|AnyCPU
		{961EDD39-0901-480D-97A6-C775095D5EBC}.Release-x86_64|AnyCPU.ActiveCfg = Release-x86_64|AnyCPU
		{961EDD39-0901-480D-97A6-C775095D5EBC}.Release-x86_64|AnyCPU.Build.0 = Release-x86_64|AnyCPU
		{961EDD39-0901-480D-97A6-C775095D5EBC}.Debug-i386|AnyCPU.ActiveCfg = Debug-i386|AnyCPU
		{961EDD39-0901-480D-97A6-C775095D5EBC}.Debug-i386|AnyCPU.Build.0 = Debug-i386|AnyCPU
		{961EDD39-0901-480D-97A6-C775095D5EBC}.Debug-x86_64|AnyCPU.ActiveCfg = Debug-x86_64|AnyCPU
		{961EDD39-0901-480D-97A6-C775095D5EBC}.Debug-x86_64|AnyCPU.Build.0 = Debug-x86_64|AnyCPU
		{961EDD39-0901-480D-97A6-C775095D5EBC}.Release-i386|AnyCPU.ActiveCfg = Release-i386|AnyCPU
		{961EDD39-0901-480D-97A6-C775095D5EBC}.Release-i386|AnyCPU.Build.0 = Release-i386|AnyCPU
		{961EDD39-0901-480D-97A6-C775095D5EBC}.Release-armv6|AnyCPU.ActiveCfg = Release-armv6|AnyCPU
		{961EDD39-0901-480D-97A6-C775095D5EBC}.Release-armv6|AnyCPU.Build.0 = Release-armv6|AnyCPU
		{961EDD39-0901-480D-97A6-C775095D5EBC}.Debug-armv6|AnyCPU.ActiveCfg = Debug-armv6|AnyCPU
		{961EDD39-0901-480D-97A6-C775095D5EBC}.Debug-armv6|AnyCPU.Build.0 = Debug-armv6|AnyCPU
		{A2C670B6-DB38-401A-AE00-71515C87CCC5}.Debug|AnyCPU.ActiveCfg = Debug|AnyCPU
		{A2C670B6-DB38-401A-AE00-71515C87CCC5}.Debug|AnyCPU.Build.0 = Debug|AnyCPU
		{A2C670B6-DB38-401A-AE00-71515C87CCC5}.Release|AnyCPU.ActiveCfg = Release|AnyCPU
		{A2C670B6-DB38-401A-AE00-71515C87CCC5}.Release|AnyCPU.Build.0 = Release|AnyCPU
		{A2C670B6-DB38-401A-AE00-71515C87CCC5}.Release-x86_64|AnyCPU.ActiveCfg = Release-x86_64|AnyCPU
		{A2C670B6-DB38-401A-AE00-71515C87CCC5}.Release-x86_64|AnyCPU.Build.0 = Release-x86_64|AnyCPU
		{A2C670B6-DB38-401A-AE00-71515C87CCC5}.Debug-i386|AnyCPU.ActiveCfg = Debug-i386|AnyCPU
		{A2C670B6-DB38-401A-AE00-71515C87CCC5}.Debug-i386|AnyCPU.Build.0 = Debug-i386|AnyCPU
		{A2C670B6-DB38-401A-AE00-71515C87CCC5}.Debug-x86_64|AnyCPU.ActiveCfg = Debug-x86_64|AnyCPU
		{A2C670B6-DB38-401A-AE00-71515C87CCC5}.Debug-x86_64|AnyCPU.Build.0 = Debug-x86_64|AnyCPU
		{A2C670B6-DB38-401A-AE00-71515C87CCC5}.Release-i386|AnyCPU.ActiveCfg = Release-i386|AnyCPU
		{A2C670B6-DB38-401A-AE00-71515C87CCC5}.Release-i386|AnyCPU.Build.0 = Release-i386|AnyCPU
		{A2C670B6-DB38-401A-AE00-71515C87CCC5}.Release-armv6|AnyCPU.ActiveCfg = Release-armv6|AnyCPU
		{A2C670B6-DB38-401A-AE00-71515C87CCC5}.Release-armv6|AnyCPU.Build.0 = Release-armv6|AnyCPU
		{A2C670B6-DB38-401A-AE00-71515C87CCC5}.Debug-armv6|AnyCPU.ActiveCfg = Debug-armv6|AnyCPU
		{A2C670B6-DB38-401A-AE00-71515C87CCC5}.Debug-armv6|AnyCPU.Build.0 = Debug-armv6|AnyCPU
		{00BBBADD-8D31-439B-9495-1F35080E299E}.Debug|AnyCPU.ActiveCfg = Debug|AnyCPU
		{00BBBADD-8D31-439B-9495-1F35080E299E}.Debug|AnyCPU.Build.0 = Debug|AnyCPU
		{00BBBADD-8D31-439B-9495-1F35080E299E}.Release|AnyCPU.ActiveCfg = Release|AnyCPU
		{00BBBADD-8D31-439B-9495-1F35080E299E}.Release|AnyCPU.Build.0 = Release|AnyCPU
		{00BBBADD-8D31-439B-9495-1F35080E299E}.Release-x86_64|AnyCPU.ActiveCfg = Release-x86_64|AnyCPU
		{00BBBADD-8D31-439B-9495-1F35080E299E}.Release-x86_64|AnyCPU.Build.0 = Release-x86_64|AnyCPU
		{00BBBADD-8D31-439B-9495-1F35080E299E}.Debug-i386|AnyCPU.ActiveCfg = Debug-i386|AnyCPU
		{00BBBADD-8D31-439B-9495-1F35080E299E}.Debug-i386|AnyCPU.Build.0 = Debug-i386|AnyCPU
		{00BBBADD-8D31-439B-9495-1F35080E299E}.Debug-x86_64|AnyCPU.ActiveCfg = Debug-x86_64|AnyCPU
		{00BBBADD-8D31-439B-9495-1F35080E299E}.Debug-x86_64|AnyCPU.Build.0 = Debug-x86_64|AnyCPU
		{00BBBADD-8D31-439B-9495-1F35080E299E}.Release-i386|AnyCPU.ActiveCfg = Release-i386|AnyCPU
		{00BBBADD-8D31-439B-9495-1F35080E299E}.Release-i386|AnyCPU.Build.0 = Release-i386|AnyCPU
		{00BBBADD-8D31-439B-9495-1F35080E299E}.Release-armv6|AnyCPU.ActiveCfg = Release-armv6|AnyCPU
		{00BBBADD-8D31-439B-9495-1F35080E299E}.Release-armv6|AnyCPU.Build.0 = Release-armv6|AnyCPU
		{00BBBADD-8D31-439B-9495-1F35080E299E}.Debug-armv6|AnyCPU.ActiveCfg = Debug-armv6|AnyCPU
		{00BBBADD-8D31-439B-9495-1F35080E299E}.Debug-armv6|AnyCPU.Build.0 = Debug-armv6|AnyCPU
	EndGlobalSection
	GlobalSection(SolutionProperties) = preSolution
		HideSolutionNode = FALSE
	EndGlobalSection
EndGlobal