
Microsoft Visual Studio Solution File, Format Version 12.00
# RemObjects Fire
Project("{656346D9-4656-40DA-A068-22D5425D4639}") = "Island (Android NDK)", "Island.Android.elements", "{961EDD39-0901-480D-97A6-C775095D5EBC}"
EndProject
Project("{656346D9-4656-40DA-A068-22D5425D4639}") = "Island (Darwin iOS)", "Island.Darwin.iOS.elements", "{617C0962-5CB7-4E31-A80B-4F07C618CB83}"
EndProject
Project("{656346D9-4656-40DA-A068-22D5425D4639}") = "Island (Darwin macOS)", "Island.Darwin.macOS.elements", "{F918A14E-26A5-449E-8F22-DC24EE904CE0}"
EndProject
Project("{656346D9-4656-40DA-A068-22D5425D4639}") = "Island (Darwin tvOS)", "Island.Darwin.tvOS.elements", "{80E79A08-E879-4706-AF50-311343CB8DE1}"
EndProject
Project("{656346D9-4656-40DA-A068-22D5425D4639}") = "Island (Darwin watchOS)", "Island.Darwin.watchOS.elements", "{EC1F85C8-F514-4566-9F51-E1BB64EC1514}"
EndProject
Project("{656346D9-4656-40DA-A068-22D5425D4639}") = "Island (Fuchsia)", "Island.Fuchsia.elements", "{2430EA6F-C750-426D-A87D-A0160F243DC2}"
EndProject
Project("{656346D9-4656-40DA-A068-22D5425D4639}") = "Island (Linux)", "Island.Linux.elements", "{A2C670B6-DB38-401A-AE00-71515C87CCC5}"
EndProject
Project("{656346D9-4656-40DA-A068-22D5425D4639}") = "Island (WebAssembly)", "Island.WebAssembly.elements", "{8C88F0A8-D5E6-4957-B16F-4FB38738FD75}"
EndProject
Project("{656346D9-4656-40DA-A068-22D5425D4639}") = "Island (WebAssembly) DOM", "DOM\Island (WebAssembly) DOM.elements", "{A0647181-12AD-45D4-AD23-34FF368B25BA}"
EndProject
Project("{656346D9-4656-40DA-A068-22D5425D4639}") = "Island (Windows)", "Island.Windows.elements", "{00BBBADD-8D31-439B-9495-1F35080E299E}"
EndProject
Project("{656346D9-4656-40DA-A068-22D5425D4639}") = "Island.Shared", "Island.Shared.elements", "{8BE19C06-DD7E-41F7-954B-6D269C087E4C}"
EndProject
Global
	GlobalSection(SolutionConfigurationPlatforms) = preSolution
		Debug|AnyCPU = Debug|AnyCPU
		Release|AnyCPU = Release|AnyCPU
	EndGlobalSection
	GlobalSection(ProjectConfigurationPlatforms) = postSolution
		{961EDD39-0901-480D-97A6-C775095D5EBC}.Debug|AnyCPU.ActiveCfg = Debug|AnyCPU
		{961EDD39-0901-480D-97A6-C775095D5EBC}.Debug|AnyCPU.Build.0 = Debug|AnyCPU
		{961EDD39-0901-480D-97A6-C775095D5EBC}.Release|AnyCPU.ActiveCfg = Release|AnyCPU
		{961EDD39-0901-480D-97A6-C775095D5EBC}.Release|AnyCPU.Build.0 = Release|AnyCPU
		{617C0962-5CB7-4E31-A80B-4F07C618CB83}.Debug|AnyCPU.ActiveCfg = Debug|AnyCPU
		{617C0962-5CB7-4E31-A80B-4F07C618CB83}.Debug|AnyCPU.Build.0 = Debug|AnyCPU
		{617C0962-5CB7-4E31-A80B-4F07C618CB83}.Release|AnyCPU.ActiveCfg = Release|AnyCPU
		{617C0962-5CB7-4E31-A80B-4F07C618CB83}.Release|AnyCPU.Build.0 = Release|AnyCPU
		{F918A14E-26A5-449E-8F22-DC24EE904CE0}.Debug|AnyCPU.ActiveCfg = Debug|AnyCPU
		{F918A14E-26A5-449E-8F22-DC24EE904CE0}.Debug|AnyCPU.Build.0 = Debug|AnyCPU
		{F918A14E-26A5-449E-8F22-DC24EE904CE0}.Release|AnyCPU.ActiveCfg = Release|AnyCPU
		{F918A14E-26A5-449E-8F22-DC24EE904CE0}.Release|AnyCPU.Build.0 = Release|AnyCPU
		{80E79A08-E879-4706-AF50-311343CB8DE1}.Debug|AnyCPU.ActiveCfg = Debug|AnyCPU
		{80E79A08-E879-4706-AF50-311343CB8DE1}.Debug|AnyCPU.Build.0 = Debug|AnyCPU
		{80E79A08-E879-4706-AF50-311343CB8DE1}.Release|AnyCPU.ActiveCfg = Release|AnyCPU
		{80E79A08-E879-4706-AF50-311343CB8DE1}.Release|AnyCPU.Build.0 = Release|AnyCPU
		{EC1F85C8-F514-4566-9F51-E1BB64EC1514}.Debug|AnyCPU.ActiveCfg = Debug|AnyCPU
		{EC1F85C8-F514-4566-9F51-E1BB64EC1514}.Debug|AnyCPU.Build.0 = Debug|AnyCPU
		{EC1F85C8-F514-4566-9F51-E1BB64EC1514}.Release|AnyCPU.ActiveCfg = Release|AnyCPU
		{EC1F85C8-F514-4566-9F51-E1BB64EC1514}.Release|AnyCPU.Build.0 = Release|AnyCPU
		{2430EA6F-C750-426D-A87D-A0160F243DC2}.Debug|AnyCPU.ActiveCfg = Debug|AnyCPU
		{2430EA6F-C750-426D-A87D-A0160F243DC2}.Debug|AnyCPU.Build.0 = Debug|AnyCPU
		{2430EA6F-C750-426D-A87D-A0160F243DC2}.Release|AnyCPU.ActiveCfg = Release|AnyCPU
		{2430EA6F-C750-426D-A87D-A0160F243DC2}.Release|AnyCPU.Build.0 = Release|AnyCPU
		{A2C670B6-DB38-401A-AE00-71515C87CCC5}.Debug|AnyCPU.ActiveCfg = Debug|AnyCPU
		{A2C670B6-DB38-401A-AE00-71515C87CCC5}.Debug|AnyCPU.Build.0 = Debug|AnyCPU
		{A2C670B6-DB38-401A-AE00-71515C87CCC5}.Release|AnyCPU.ActiveCfg = Release|AnyCPU
		{A2C670B6-DB38-401A-AE00-71515C87CCC5}.Release|AnyCPU.Build.0 = Release|AnyCPU
		{8C88F0A8-D5E6-4957-B16F-4FB38738FD75}.Debug|AnyCPU.ActiveCfg = Debug|AnyCPU
		{8C88F0A8-D5E6-4957-B16F-4FB38738FD75}.Debug|AnyCPU.Build.0 = Debug|AnyCPU
		{8C88F0A8-D5E6-4957-B16F-4FB38738FD75}.Release|AnyCPU.ActiveCfg = Release|AnyCPU
		{8C88F0A8-D5E6-4957-B16F-4FB38738FD75}.Release|AnyCPU.Build.0 = Release|AnyCPU
		{00BBBADD-8D31-439B-9495-1F35080E299E}.Debug|AnyCPU.ActiveCfg = Debug|AnyCPU
		{00BBBADD-8D31-439B-9495-1F35080E299E}.Debug|AnyCPU.Build.0 = Debug|AnyCPU
		{00BBBADD-8D31-439B-9495-1F35080E299E}.Release|AnyCPU.ActiveCfg = Release|AnyCPU
		{00BBBADD-8D31-439B-9495-1F35080E299E}.Release|AnyCPU.Build.0 = Release|AnyCPU
	EndGlobalSection
	GlobalSection(SolutionProperties) = preSolution
		HideSolutionNode = FALSE
	EndGlobalSection
EndGlobal